
Microsoft Visual Studio Solution File, Format Version 12.00
# Visual Studio Version 16
VisualStudioVersion = 16.0.30406.217
MinimumVisualStudioVersion = 10.0.40219.1
Project("{FAE04EC0-301F-11D3-BF4B-00C04F79EFBC}") = "Uk.Nhs.CyberAlerts.Api", "Uk.Nhs.CyberAlerts.Api\Uk.Nhs.CyberAlerts.Api.csproj", "{F6672E4D-0286-45DE-A826-11816EDC42E3}"
EndProject
Project("{FAE04EC0-301F-11D3-BF4B-00C04F79EFBC}") = "Uk.Nhs.CyberAlerts.Api.Test", "Uk.Nhs.CyberAlerts.Api.Test\Uk.Nhs.CyberAlerts.Api.Test.csproj", "{93551951-FB0A-4A64-BC7B-0E6E828B239F}"
EndProject
Project("{2150E333-8FDC-42A3-9474-1A3956D46DE8}") = "Solution Items", "Solution Items", "{9CEABBD6-DE52-4A46-A5FB-0127F332CA33}"
	ProjectSection(SolutionItems) = preProject
		.gitignore = .gitignore
		LICENSE = LICENSE
		README.md = README.md
		version.json = version.json
	EndProjectSection
EndProject
Global
	GlobalSection(SolutionConfigurationPlatforms) = preSolution
		Debug|Any CPU = Debug|Any CPU
		Release|Any CPU = Release|Any CPU
	EndGlobalSection
	GlobalSection(ProjectConfigurationPlatforms) = postSolution
		{F6672E4D-0286-45DE-A826-11816EDC42E3}.Debug|Any CPU.ActiveCfg = Debug|Any CPU
		{F6672E4D-0286-45DE-A826-11816EDC42E3}.Debug|Any CPU.Build.0 = Debug|Any CPU
		{F6672E4D-0286-45DE-A826-11816EDC42E3}.Release|Any CPU.ActiveCfg = Release|Any CPU
		{F6672E4D-0286-45DE-A826-11816EDC42E3}.Release|Any CPU.Build.0 = Release|Any CPU
		{93551951-FB0A-4A64-BC7B-0E6E828B239F}.Debug|Any CPU.ActiveCfg = Debug|Any CPU
		{93551951-FB0A-4A64-BC7B-0E6E828B239F}.Debug|Any CPU.Build.0 = Debug|Any CPU
		{93551951-FB0A-4A64-BC7B-0E6E828B239F}.Release|Any CPU.ActiveCfg = Release|Any CPU
		{93551951-FB0A-4A64-BC7B-0E6E828B239F}.Release|Any CPU.Build.0 = Release|Any CPU
	EndGlobalSection
	GlobalSection(SolutionProperties) = preSolution
		HideSolutionNode = FALSE
	EndGlobalSection
	GlobalSection(ExtensibilityGlobals) = postSolution
		SolutionGuid = {5ED95F57-8A2F-4BE3-ADC5-808BCBEEFA22}
	EndGlobalSection
EndGlobal
